
Microsoft Visual Studio Solution File, Format Version 12.00
# Visual Studio Version 17
VisualStudioVersion = 17.3.32901.215
MinimumVisualStudioVersion = 10.0.40219.1
Project("{FAE04EC0-301F-11D3-BF4B-00C04F79EFBC}") = "AddressBookSystem", "AddressBookSystem\AddressBookSystem.csproj", "{AF3189B7-0E74-430F-ADEC-CE71ADC6FE92}"
EndProject
Global
	GlobalSection(SolutionConfigurationPlatforms) = preSolution
		Debug|Any CPU = Debug|Any CPU
		Release|Any CPU = Release|Any CPU
	EndGlobalSection
	GlobalSection(ProjectConfigurationPlatforms) = postSolution
		{AF3189B7-0E74-430F-ADEC-CE71ADC6FE92}.Debug|Any CPU.ActiveCfg = Debug|Any CPU
		{AF3189B7-0E74-430F-ADEC-CE71ADC6FE92}.Debug|Any CPU.Build.0 = Debug|Any CPU
		{AF3189B7-0E74-430F-ADEC-CE71ADC6FE92}.Release|Any CPU.ActiveCfg = Release|Any CPU
		{AF3189B7-0E74-430F-ADEC-CE71ADC6FE92}.Release|Any CPU.Build.0 = Release|Any CPU
	EndGlobalSection
	GlobalSection(SolutionProperties) = preSolution
		HideSolutionNode = FALSE
	EndGlobalSection
	GlobalSection(ExtensibilityGlobals) = postSolution
		SolutionGuid = {D3786680-8AB0-4B50-9DF0-78711590BF19}
	EndGlobalSection
EndGlobal
